
Microsoft Visual Studio Solution File, Format Version 12.00
# Visual Studio Version 16
VisualStudioVersion = 16.0.29306.81
MinimumVisualStudioVersion = 10.0.40219.1
Project("{FAE04EC0-301F-11D3-BF4B-00C04F79EFBC}") = "SAM_tecnicas", "SAM_tecnicas\SAM_tecnicas.csproj", "{AF3D7B46-ACF8-468C-8E49-6285BDE287B2}"
EndProject
Global
	GlobalSection(SolutionConfigurationPlatforms) = preSolution
		Debug|Any CPU = Debug|Any CPU
		Release|Any CPU = Release|Any CPU
	EndGlobalSection
	GlobalSection(ProjectConfigurationPlatforms) = postSolution
		{AF3D7B46-ACF8-468C-8E49-6285BDE287B2}.Debug|Any CPU.ActiveCfg = Debug|Any CPU
		{AF3D7B46-ACF8-468C-8E49-6285BDE287B2}.Debug|Any CPU.Build.0 = Debug|Any CPU
		{AF3D7B46-ACF8-468C-8E49-6285BDE287B2}.Release|Any CPU.ActiveCfg = Release|Any CPU
		{AF3D7B46-ACF8-468C-8E49-6285BDE287B2}.Release|Any CPU.Build.0 = Release|Any CPU
	EndGlobalSection
	GlobalSection(SolutionProperties) = preSolution
		HideSolutionNode = FALSE
	EndGlobalSection
	GlobalSection(ExtensibilityGlobals) = postSolution
		SolutionGuid = {29416B6B-6FCD-4BFC-B299-83242E2D1981}
	EndGlobalSection
EndGlobal
